// !$*UTF8*$!
{
	archiveVersion = 1;
	classes = {
	};
	objectVersion = 55;
	objects = {

/* Begin PBXBuildFile section */
		040C20FD27C51C9500520914 /* AppDelegate.swift in Sources */ = {isa = PBXBuildFile; fileRef = 040C20FC27C51C9500520914 /* AppDelegate.swift */; };
		040C20FF27C51C9500520914 /* SceneDelegate.swift in Sources */ = {isa = PBXBuildFile; fileRef = 040C20FE27C51C9500520914 /* SceneDelegate.swift */; };
		040C210127C51C9500520914 /* MainTabBarViewController.swift in Sources */ = {isa = PBXBuildFile; fileRef = 040C210027C51C9500520914 /* MainTabBarViewController.swift */; };
		040C210627C51C9900520914 /* Assets.xcassets in Resources */ = {isa = PBXBuildFile; fileRef = 040C210527C51C9900520914 /* Assets.xcassets */; };
		040C210927C51C9900520914 /* LaunchScreen.storyboard in Resources */ = {isa = PBXBuildFile; fileRef = 040C210727C51C9900520914 /* LaunchScreen.storyboard */; };
		040C211227C51EBF00520914 /* HomeViewController.swift in Sources */ = {isa = PBXBuildFile; fileRef = 040C211127C51EBF00520914 /* HomeViewController.swift */; };
		040C211427C51EDF00520914 /* UpcomingViewController.swift in Sources */ = {isa = PBXBuildFile; fileRef = 040C211327C51EDF00520914 /* UpcomingViewController.swift */; };
		040C211627C51EF400520914 /* SearchViewController.swift in Sources */ = {isa = PBXBuildFile; fileRef = 040C211527C51EF400520914 /* SearchViewController.swift */; };
		040C211827C51F1100520914 /* DownloadsViewController.swift in Sources */ = {isa = PBXBuildFile; fileRef = 040C211727C51F1100520914 /* DownloadsViewController.swift */; };
		040C212027C523EC00520914 /* CollectionViewTableViewCell.swift in Sources */ = {isa = PBXBuildFile; fileRef = 040C211F27C523EC00520914 /* CollectionViewTableViewCell.swift */; };
/* End PBXBuildFile section */

/* Begin PBXFileReference section */
		040C20F927C51C9500520914 /* Netflix_Mark.app */ = {isa = PBXFileReference; explicitFileType = wrapper.application; includeInIndex = 0; path = Netflix_Mark.app; sourceTree = BUILT_PRODUCTS_DIR; };
		040C20FC27C51C9500520914 /* AppDelegate.swift */ = {isa = PBXFileReference; lastKnownFileType = sourcecode.swift; path = AppDelegate.swift; sourceTree = "<group>"; };
		040C20FE27C51C9500520914 /* SceneDelegate.swift */ = {isa = PBXFileReference; lastKnownFileType = sourcecode.swift; path = SceneDelegate.swift; sourceTree = "<group>"; };
		040C210027C51C9500520914 /* MainTabBarViewController.swift */ = {isa = PBXFileReference; lastKnownFileType = sourcecode.swift; path = MainTabBarViewController.swift; sourceTree = "<group>"; };
		040C210527C51C9900520914 /* Assets.xcassets */ = {isa = PBXFileReference; lastKnownFileType = folder.assetcatalog; path = Assets.xcassets; sourceTree = "<group>"; };
		040C210827C51C9900520914 /* Base */ = {isa = PBXFileReference; lastKnownFileType = file.storyboard; name = Base; path = Base.lproj/LaunchScreen.storyboard; sourceTree = "<group>"; };
		040C210A27C51C9900520914 /* Info.plist */ = {isa = PBXFileReference; lastKnownFileType = text.plist.xml; path = Info.plist; sourceTree = "<group>"; };
		040C211127C51EBF00520914 /* HomeViewController.swift */ = {isa = PBXFileReference; lastKnownFileType = sourcecode.swift; path = HomeViewController.swift; sourceTree = "<group>"; };
		040C211327C51EDF00520914 /* UpcomingViewController.swift */ = {isa = PBXFileReference; lastKnownFileType = sourcecode.swift; path = UpcomingViewController.swift; sourceTree = "<group>"; };
		040C211527C51EF400520914 /* SearchViewController.swift */ = {isa = PBXFileReference; lastKnownFileType = sourcecode.swift; path = SearchViewController.swift; sourceTree = "<group>"; };
		040C211727C51F1100520914 /* DownloadsViewController.swift */ = {isa = PBXFileReference; lastKnownFileType = sourcecode.swift; path = DownloadsViewController.swift; sourceTree = "<group>"; };
		040C211F27C523EC00520914 /* CollectionViewTableViewCell.swift */ = {isa = PBXFileReference; lastKnownFileType = sourcecode.swift; path = CollectionViewTableViewCell.swift; sourceTree = "<group>"; };
/* End PBXFileReference section */

/* Begin PBXFrameworksBuildPhase section */
		040C20F627C51C9500520914 /* Frameworks */ = {
			isa = PBXFrameworksBuildPhase;
			buildActionMask = 2147483647;
			files = (
			);
			runOnlyForDeploymentPostprocessing = 0;
		};
/* End PBXFrameworksBuildPhase section */

/* Begin PBXGroup section */
		040C20F027C51C9500520914 = {
			isa = PBXGroup;
			children = (
				040C20FB27C51C9500520914 /* Netflix_Mark */,
				040C20FA27C51C9500520914 /* Products */,
			);
			sourceTree = "<group>";
		};
		040C20FA27C51C9500520914 /* Products */ = {
			isa = PBXGroup;
			children = (
				040C20F927C51C9500520914 /* Netflix_Mark.app */,
			);
			name = Products;
			sourceTree = "<group>";
		};
		040C20FB27C51C9500520914 /* Netflix_Mark */ = {
			isa = PBXGroup;
			children = (
				040C211E27C523B000520914 /* Managers */,
				040C211D27C523A300520914 /* Resources */,
				040C211B27C5237800520914 /* Models */,
				040C211927C5236B00520914 /* Views */,
				040C211A27C5237200520914 /* ViewModels */,
				040C211027C51EA900520914 /* Controllers */,
				040C20FC27C51C9500520914 /* AppDelegate.swift */,
				040C20FE27C51C9500520914 /* SceneDelegate.swift */,
				040C210027C51C9500520914 /* MainTabBarViewController.swift */,
				040C210527C51C9900520914 /* Assets.xcassets */,
				040C210727C51C9900520914 /* LaunchScreen.storyboard */,
				040C210A27C51C9900520914 /* Info.plist */,
			);
			path = Netflix_Mark;
			sourceTree = "<group>";
		};
		040C211027C51EA900520914 /* Controllers */ = {
			isa = PBXGroup;
			children = (
				040C211127C51EBF00520914 /* HomeViewController.swift */,
				040C211327C51EDF00520914 /* UpcomingViewController.swift */,
				040C211527C51EF400520914 /* SearchViewController.swift */,
				040C211727C51F1100520914 /* DownloadsViewController.swift */,
			);
			path = Controllers;
			sourceTree = "<group>";
		};
		040C211927C5236B00520914 /* Views */ = {
			isa = PBXGroup;
			children = (
				040C211F27C523EC00520914 /* CollectionViewTableViewCell.swift */,
			);
			path = Views;
			sourceTree = "<group>";
		};
		040C211A27C5237200520914 /* ViewModels */ = {
			isa = PBXGroup;
			children = (
			);
			path = ViewModels;
			sourceTree = "<group>";
		};
		040C211B27C5237800520914 /* Models */ = {
			isa = PBXGroup;
			children = (
			);
			path = Models;
			sourceTree = "<group>";
		};
		040C211D27C523A300520914 /* Resources */ = {
			isa = PBXGroup;
			children = (
			);
			path = Resources;
			sourceTree = "<group>";
		};
		040C211E27C523B000520914 /* Managers */ = {
			isa = PBXGroup;
			children = (
			);
			path = Managers;
			sourceTree = "<group>";
		};
/* End PBXGroup section */

/* Begin PBXNativeTarget section */
		040C20F827C51C9500520914 /* Netflix_Mark */ = {
			isa = PBXNativeTarget;
			buildConfigurationList = 040C210D27C51C9900520914 /* Build configuration list for PBXNativeTarget "Netflix_Mark" */;
			buildPhases = (
				040C20F527C51C9500520914 /* Sources */,
				040C20F627C51C9500520914 /* Frameworks */,
				040C20F727C51C9500520914 /* Resources */,
			);
			buildRules = (
			);
			dependencies = (
			);
			name = Netflix_Mark;
			productName = Netflix_Mark;
			productReference = 040C20F927C51C9500520914 /* Netflix_Mark.app */;
			productType = "com.apple.product-type.application";
		};
/* End PBXNativeTarget section */

/* Begin PBXProject section */
		040C20F127C51C9500520914 /* Project object */ = {
			isa = PBXProject;
			attributes = {
				BuildIndependentTargetsInParallel = 1;
				LastSwiftUpdateCheck = 1310;
				LastUpgradeCheck = 1310;
				TargetAttributes = {
					040C20F827C51C9500520914 = {
						CreatedOnToolsVersion = 13.1;
					};
				};
			};
			buildConfigurationList = 040C20F427C51C9500520914 /* Build configuration list for PBXProject "Netflix_Mark" */;
			compatibilityVersion = "Xcode 13.0";
			developmentRegion = en;
			hasScannedForEncodings = 0;
			knownRegions = (
				en,
				Base,
			);
			mainGroup = 040C20F027C51C9500520914;
			productRefGroup = 040C20FA27C51C9500520914 /* Products */;
			projectDirPath = "";
			projectRoot = "";
			targets = (
				040C20F827C51C9500520914 /* Netflix_Mark */,
			);
		};
/* End PBXProject section */

/* Begin PBXResourcesBuildPhase section */
		040C20F727C51C9500520914 /* Resources */ = {
			isa = PBXResourcesBuildPhase;
			buildActionMask = 2147483647;
			files = (
				040C210927C51C9900520914 /* LaunchScreen.storyboard in Resources */,
				040C210627C51C9900520914 /* Assets.xcassets in Resources */,
			);
			runOnlyForDeploymentPostprocessing = 0;
		};
/* End PBXResourcesBuildPhase section */

/* Begin PBXSourcesBuildPhase section */
		040C20F527C51C9500520914 /* Sources */ = {
			isa = PBXSourcesBuildPhase;
			buildActionMask = 2147483647;
			files = (
				040C211627C51EF400520914 /* SearchViewController.swift in Sources */,
				040C210127C51C9500520914 /* MainTabBarViewController.swift in Sources */,
				040C212027C523EC00520914 /* CollectionViewTableViewCell.swift in Sources */,
				040C211827C51F1100520914 /* DownloadsViewController.swift in Sources */,
				040C20FD27C51C9500520914 /* AppDelegate.swift in Sources */,
				040C20FF27C51C9500520914 /* SceneDelegate.swift in Sources */,
				040C211427C51EDF00520914 /* UpcomingViewController.swift in Sources */,
				040C211227C51EBF00520914 /* HomeViewController.swift in Sources */,
			);
			runOnlyForDeploymentPostprocessing = 0;
		};
/* End PBXSourcesBuildPhase section */

/* Begin PBXVariantGroup section */
		040C210727C51C9900520914 /* LaunchScreen.storyboard */ = {
			isa = PBXVariantGroup;
			children = (
				040C210827C51C9900520914 /* Base */,
			);
			name = LaunchScreen.storyboard;
			sourceTree = "<group>";
		};
/* End PBXVariantGroup section */

/* Begin XCBuildConfiguration section */
		040C210B27C51C9900520914 /* Debug */ = {
			isa = XCBuildConfiguration;
			buildSettings = {
				ALWAYS_SEARCH_USER_PATHS = NO;
				CLANG_ANALYZER_NONNULL = YES;
				CLANG_ANALYZER_NUMBER_OBJECT_CONVERSION = YES_AGGRESSIVE;
				CLANG_CXX_LANGUAGE_STANDARD = "gnu++17";
				CLANG_CXX_LIBRARY = "libc++";
				CLANG_ENABLE_MODULES = YES;
				CLANG_ENABLE_OBJC_ARC = YES;
				CLANG_ENABLE_OBJC_WEAK = YES;
				CLANG_WARN_BLOCK_CAPTURE_AUTORELEASING = YES;
				CLANG_WARN_BOOL_CONVERSION = YES;
				CLANG_WARN_COMMA = YES;
				CLANG_WARN_CONSTANT_CONVERSION = YES;
				CLANG_WARN_DEPRECATED_OBJC_IMPLEMENTATIONS = YES;
				CLANG_WARN_DIRECT_OBJC_ISA_USAGE = YES_ERROR;
				CLANG_WARN_DOCUMENTATION_COMMENTS = YES;
				CLANG_WARN_EMPTY_BODY = YES;
				CLANG_WARN_ENUM_CONVERSION = YES;
				CLANG_WARN_INFINITE_RECURSION = YES;
				CLANG_WARN_INT_CONVERSION = YES;
				CLANG_WARN_NON_LITERAL_NULL_CONVERSION = YES;
				CLANG_WARN_OBJC_IMPLICIT_RETAIN_SELF = YES;
				CLANG_WARN_OBJC_LITERAL_CONVERSION = YES;
				CLANG_WARN_OBJC_ROOT_CLASS = YES_ERROR;
				CLANG_WARN_QUOTED_INCLUDE_IN_FRAMEWORK_HEADER = YES;
				CLANG_WARN_RANGE_LOOP_ANALYSIS = YES;
				CLANG_WARN_STRICT_PROTOTYPES = YES;
				CLANG_WARN_SUSPICIOUS_MOVE = YES;
				CLANG_WARN_UNGUARDED_AVAILABILITY = YES_AGGRESSIVE;
				CLANG_WARN_UNREACHABLE_CODE = YES;
				CLANG_WARN__DUPLICATE_METHOD_MATCH = YES;
				COPY_PHASE_STRIP = NO;
				DEBUG_INFORMATION_FORMAT = dwarf;
				ENABLE_STRICT_OBJC_MSGSEND = YES;
				ENABLE_TESTABILITY = YES;
				GCC_C_LANGUAGE_STANDARD = gnu11;
				GCC_DYNAMIC_NO_PIC = NO;
				GCC_NO_COMMON_BLOCKS = YES;
				GCC_OPTIMIZATION_LEVEL = 0;
				GCC_PREPROCESSOR_DEFINITIONS = (
					"DEBUG=1",
					"$(inherited)",
				);
				GCC_WARN_64_TO_32_BIT_CONVERSION = YES;
				GCC_WARN_ABOUT_RETURN_TYPE = YES_ERROR;
				GCC_WARN_UNDECLARED_SELECTOR = YES;
				GCC_WARN_UNINITIALIZED_AUTOS = YES_AGGRESSIVE;
				GCC_WARN_UNUSED_FUNCTION = YES;
				GCC_WARN_UNUSED_VARIABLE = YES;
				IPHONEOS_DEPLOYMENT_TARGET = 15.0;
				MTL_ENABLE_DEBUG_INFO = INCLUDE_SOURCE;
				MTL_FAST_MATH = YES;
				ONLY_ACTIVE_ARCH = YES;
				SDKROOT = iphoneos;
				SWIFT_ACTIVE_COMPILATION_CONDITIONS = DEBUG;
				SWIFT_OPTIMIZATION_LEVEL = "-Onone";
			};
			name = Debug;
		};
		040C210C27C51C9900520914 /* Release */ = {
			isa = XCBuildConfiguration;
			buildSettings = {
				ALWAYS_SEARCH_USER_PATHS = NO;
				CLANG_ANALYZER_NONNULL = YES;
				CLANG_ANALYZER_NUMBER_OBJECT_CONVERSION = YES_AGGRESSIVE;
				CLANG_CXX_LANGUAGE_STANDARD = "gnu++17";
				CLANG_CXX_LIBRARY = "libc++";
				CLANG_ENABLE_MODULES = YES;
				CLANG_ENABLE_OBJC_ARC = YES;
				CLANG_ENABLE_OBJC_WEAK = YES;
				CLANG_WARN_BLOCK_CAPTURE_AUTORELEASING = YES;
				CLANG_WARN_BOOL_CONVERSION = YES;
				CLANG_WARN_COMMA = YES;
				CLANG_WARN_CONSTANT_CONVERSION = YES;
				CLANG_WARN_DEPRECATED_OBJC_IMPLEMENTATIONS = YES;
				CLANG_WARN_DIRECT_OBJC_ISA_USAGE = YES_ERROR;
				CLANG_WARN_DOCUMENTATION_COMMENTS = YES;
				CLANG_WARN_EMPTY_BODY = YES;
				CLANG_WARN_ENUM_CONVERSION = YES;
				CLANG_WARN_INFINITE_RECURSION = YES;
				CLANG_WARN_INT_CONVERSION = YES;
				CLANG_WARN_NON_LITERAL_NULL_CONVERSION = YES;
				CLANG_WARN_OBJC_IMPLICIT_RETAIN_SELF = YES;
				CLANG_WARN_OBJC_LITERAL_CONVERSION = YES;
				CLANG_WARN_OBJC_ROOT_CLASS = YES_ERROR;
				CLANG_WARN_QUOTED_INCLUDE_IN_FRAMEWORK_HEADER = YES;
				CLANG_WARN_RANGE_LOOP_ANALYSIS = YES;
				CLANG_WARN_STRICT_PROTOTYPES = YES;
				CLANG_WARN_SUSPICIOUS_MOVE = YES;
				CLANG_WARN_UNGUARDED_AVAILABILITY = YES_AGGRESSIVE;
				CLANG_WARN_UNREACHABLE_CODE = YES;
				CLANG_WARN__DUPLICATE_METHOD_MATCH = YES;
				COPY_PHASE_STRIP = NO;
				DEBUG_INFORMATION_FORMAT = "dwarf-with-dsym";
				ENABLE_NS_ASSERTIONS = NO;
				ENABLE_STRICT_OBJC_MSGSEND = YES;
				GCC_C_LANGUAGE_STANDARD = gnu11;
				GCC_NO_COMMON_BLOCKS = YES;
				GCC_WARN_64_TO_32_BIT_CONVERSION = YES;
				GCC_WARN_ABOUT_RETURN_TYPE = YES_ERROR;
				GCC_WARN_UNDECLARED_SELECTOR = YES;
				GCC_WARN_UNINITIALIZED_AUTOS = YES_AGGRESSIVE;
				GCC_WARN_UNUSED_FUNCTION = YES;
				GCC_WARN_UNUSED_VARIABLE = YES;
				IPHONEOS_DEPLOYMENT_TARGET = 15.0;
				MTL_ENABLE_DEBUG_INFO = NO;
				MTL_FAST_MATH = YES;
				SDKROOT = iphoneos;
				SWIFT_COMPILATION_MODE = wholemodule;
				SWIFT_OPTIMIZATION_LEVEL = "-O";
				VALIDATE_PRODUCT = YES;
			};
			name = Release;
		};
		040C210E27C51C9900520914 /* Debug */ = {
			isa = XCBuildConfiguration;
			buildSettings = {
				ASSETCATALOG_COMPILER_APPICON_NAME = AppIcon;
				ASSETCATALOG_COMPILER_GLOBAL_ACCENT_COLOR_NAME = AccentColor;
				CODE_SIGN_STYLE = Automatic;
				CURRENT_PROJECT_VERSION = 1;
				DEVELOPMENT_TEAM = BW2HHJDSS8;
				GENERATE_INFOPLIST_FILE = YES;
				INFOPLIST_FILE = Netflix_Mark/Info.plist;
				INFOPLIST_KEY_UIApplicationSupportsIndirectInputEvents = YES;
				INFOPLIST_KEY_UILaunchStoryboardName = LaunchScreen;
				INFOPLIST_KEY_UISupportedInterfaceOrientations_iPad = "UIInterfaceOrientationPortrait UIInterfaceOrientationPortraitUpsideDown UIInterfaceOrientationLandscapeLeft UIInterfaceOrientationLandscapeRight";
				INFOPLIST_KEY_UISupportedInterfaceOrientations_iPhone = "UIInterfaceOrientationPortrait UIInterfaceOrientationLandscapeLeft UIInterfaceOrientationLandscapeRight";
				LD_RUNPATH_SEARCH_PATHS = (
					"$(inherited)",
					"@executable_path/Frameworks",
				);
				MARKETING_VERSION = 1.0;
				PRODUCT_BUNDLE_IDENTIFIER = "com.emct.Netflix-Mark";
				PRODUCT_NAME = "$(TARGET_NAME)";
				SWIFT_EMIT_LOC_STRINGS = YES;
				SWIFT_VERSION = 5.0;
				TARGETED_DEVICE_FAMILY = "1,2";
			};
			name = Debug;
		};
		040C210F27C51C9900520914 /* Release */ = {
			isa = XCBuildConfiguration;
			buildSettings = {
				ASSETCATALOG_COMPILER_APPICON_NAME = AppIcon;
				ASSETCATALOG_COMPILER_GLOBAL_ACCENT_COLOR_NAME = AccentColor;
				CODE_SIGN_STYLE = Automatic;
				CURRENT_PROJECT_VERSION = 1;
				DEVELOPMENT_TEAM = BW2HHJDSS8;
				GENERATE_INFOPLIST_FILE = YES;
				INFOPLIST_FILE = Netflix_Mark/Info.plist;
				INFOPLIST_KEY_UIApplicationSupportsIndirectInputEvents = YES;
				INFOPLIST_KEY_UILaunchStoryboardName = LaunchScreen;
				INFOPLIST_KEY_UISupportedInterfaceOrientations_iPad = "UIInterfaceOrientationPortrait UIInterfaceOrientationPortraitUpsideDown UIInterfaceOrientationLandscapeLeft UIInterfaceOrientationLandscapeRight";
				INFOPLIST_KEY_UISupportedInterfaceOrientations_iPhone = "UIInterfaceOrientationPortrait UIInterfaceOrientationLandscapeLeft UIInterfaceOrientationLandscapeRight";
				LD_RUNPATH_SEARCH_PATHS = (
					"$(inherited)",
					"@executable_path/Frameworks",
				);
				MARKETING_VERSION = 1.0;
				PRODUCT_BUNDLE_IDENTIFIER = "com.emct.Netflix-Mark";
				PRODUCT_NAME = "$(TARGET_NAME)";
				SWIFT_EMIT_LOC_STRINGS = YES;
				SWIFT_VERSION = 5.0;
				TARGETED_DEVICE_FAMILY = "1,2";
			};
			name = Release;
		};
/* End XCBuildConfiguration section */

/* Begin XCConfigurationList section */
		040C20F427C51C9500520914 /* Build configuration list for PBXProject "Netflix_Mark" */ = {
			isa = XCConfigurationList;
			buildConfigurations = (
				040C210B27C51C9900520914 /* Debug */,
				040C210C27C51C9900520914 /* Release */,
			);
			defaultConfigurationIsVisible = 0;
			defaultConfigurationName = Release;
		};
		040C210D27C51C9900520914 /* Build configuration list for PBXNativeTarget "Netflix_Mark" */ = {
			isa = XCConfigurationList;
			buildConfigurations = (
				040C210E27C51C9900520914 /* Debug */,
				040C210F27C51C9900520914 /* Release */,
			);
			defaultConfigurationIsVisible = 0;
			defaultConfigurationName = Release;
		};
/* End XCConfigurationList section */
	};
	rootObject = 040C20F127C51C9500520914 /* Project object */;
}
